
Microsoft Visual Studio Solution File, Format Version 12.00
# Visual Studio Version 16
VisualStudioVersion = 16.0.31321.278
MinimumVisualStudioVersion = 10.0.40219.1
Project("{9A19103F-16F7-4668-BE54-9A1E7A4F7556}") = "Sklad", "Sklad\Sklad.csproj", "{570C5616-A7FF-4956-93E8-99372260CE75}"
EndProject
Project("{FAE04EC0-301F-11D3-BF4B-00C04F79EFBC}") = "Sklad.BL", "Sklad.BL\Sklad.BL.csproj", "{0CD4FFB6-7D41-4625-978C-D8AF74DAF612}"
EndProject
Global
	GlobalSection(SolutionConfigurationPlatforms) = preSolution
		Debug|Any CPU = Debug|Any CPU
		Release|Any CPU = Release|Any CPU
	EndGlobalSection
	GlobalSection(ProjectConfigurationPlatforms) = postSolution
		{570C5616-A7FF-4956-93E8-99372260CE75}.Debug|Any CPU.ActiveCfg = Debug|Any CPU
		{570C5616-A7FF-4956-93E8-99372260CE75}.Debug|Any CPU.Build.0 = Debug|Any CPU
		{570C5616-A7FF-4956-93E8-99372260CE75}.Release|Any CPU.ActiveCfg = Release|Any CPU
		{570C5616-A7FF-4956-93E8-99372260CE75}.Release|Any CPU.Build.0 = Release|Any CPU
		{0CD4FFB6-7D41-4625-978C-D8AF74DAF612}.Debug|Any CPU.ActiveCfg = Debug|Any CPU
		{0CD4FFB6-7D41-4625-978C-D8AF74DAF612}.Debug|Any CPU.Build.0 = Debug|Any CPU
		{0CD4FFB6-7D41-4625-978C-D8AF74DAF612}.Release|Any CPU.ActiveCfg = Release|Any CPU
		{0CD4FFB6-7D41-4625-978C-D8AF74DAF612}.Release|Any CPU.Build.0 = Release|Any CPU
	EndGlobalSection
	GlobalSection(SolutionProperties) = preSolution
		HideSolutionNode = FALSE
	EndGlobalSection
	GlobalSection(ExtensibilityGlobals) = postSolution
		SolutionGuid = {C835E573-D899-4149-9606-2F899CB4F176}
	EndGlobalSection
EndGlobal
